
Microsoft Visual Studio Solution File, Format Version 12.00
# Visual Studio Version 17
VisualStudioVersion = 17.13.35825.156 d17.13
MinimumVisualStudioVersion = 10.0.40219.1
Project("{FAE04EC0-301F-11D3-BF4B-00C04F79EFBC}") = "messengerLogica", "messengerLogica\messengerLogica.csproj", "{862D0A62-CB65-42A0-A630-47A798A27C8B}"
EndProject
Global
	GlobalSection(SolutionConfigurationPlatforms) = preSolution
		Debug|Any CPU = Debug|Any CPU
		Release|Any CPU = Release|Any CPU
	EndGlobalSection
	GlobalSection(ProjectConfigurationPlatforms) = postSolution
		{862D0A62-CB65-42A0-A630-47A798A27C8B}.Debug|Any CPU.ActiveCfg = Debug|Any CPU
		{862D0A62-CB65-42A0-A630-47A798A27C8B}.Debug|Any CPU.Build.0 = Debug|Any CPU
		{862D0A62-CB65-42A0-A630-47A798A27C8B}.Release|Any CPU.ActiveCfg = Release|Any CPU
		{862D0A62-CB65-42A0-A630-47A798A27C8B}.Release|Any CPU.Build.0 = Release|Any CPU
	EndGlobalSection
	GlobalSection(SolutionProperties) = preSolution
		HideSolutionNode = FALSE
	EndGlobalSection
	GlobalSection(ExtensibilityGlobals) = postSolution
		SolutionGuid = {D245E3D4-606C-48F8-BBCE-39136B13CD65}
	EndGlobalSection
EndGlobal
